// !$*UTF8*$!
{
	archiveVersion = 1;
	classes = {
	};
	objectVersion = 56;
	objects = {

/* Begin PBXBuildFile section */
		319D2DF82BF45D3300D4796B /* Unleash.swift in Sources */ = {isa = PBXBuildFile; fileRef = 319D2DF72BF45D3300D4796B /* Unleash.swift */; };
		31AC8AD02BF1FA8600D46DD0 /* AppDelegate.swift in Sources */ = {isa = PBXBuildFile; fileRef = 31AC8ACF2BF1FA8600D46DD0 /* AppDelegate.swift */; };
		31AC8AD22BF1FA8600D46DD0 /* SceneDelegate.swift in Sources */ = {isa = PBXBuildFile; fileRef = 31AC8AD12BF1FA8600D46DD0 /* SceneDelegate.swift */; };
		31AC8AD42BF1FA8600D46DD0 /* ViewController.swift in Sources */ = {isa = PBXBuildFile; fileRef = 31AC8AD32BF1FA8600D46DD0 /* ViewController.swift */; };
		31AC8AD72BF1FA8600D46DD0 /* Base in Resources */ = {isa = PBXBuildFile; fileRef = 31AC8AD62BF1FA8600D46DD0 /* Base */; };
		31AC8AD92BF1FA8700D46DD0 /* Assets.xcassets in Resources */ = {isa = PBXBuildFile; fileRef = 31AC8AD82BF1FA8700D46DD0 /* Assets.xcassets */; };
		31AC8ADC2BF1FA8700D46DD0 /* Base in Resources */ = {isa = PBXBuildFile; fileRef = 31AC8ADB2BF1FA8700D46DD0 /* Base */; };
		52FDEA59695C233CEE6A2477 /* Pods_FlagsmithTest.framework in Frameworks */ = {isa = PBXBuildFile; fileRef = 6E5F6D4CB324B6B5EB41BCCF /* Pods_FlagsmithTest.framework */; };
/* End PBXBuildFile section */

/* Begin PBXFileReference section */
		1859953EBA04483822B451CD /* Pods-FlagsmithTest.release.xcconfig */ = {isa = PBXFileReference; includeInIndex = 1; lastKnownFileType = text.xcconfig; name = "Pods-FlagsmithTest.release.xcconfig"; path = "Target Support Files/Pods-FlagsmithTest/Pods-FlagsmithTest.release.xcconfig"; sourceTree = "<group>"; };
		319D2DF72BF45D3300D4796B /* Unleash.swift */ = {isa = PBXFileReference; lastKnownFileType = sourcecode.swift; path = Unleash.swift; sourceTree = "<group>"; };
		31AC8ACC2BF1FA8600D46DD0 /* FlagsmithTest.app */ = {isa = PBXFileReference; explicitFileType = wrapper.application; includeInIndex = 0; path = FlagsmithTest.app; sourceTree = BUILT_PRODUCTS_DIR; };
		31AC8ACF2BF1FA8600D46DD0 /* AppDelegate.swift */ = {isa = PBXFileReference; lastKnownFileType = sourcecode.swift; path = AppDelegate.swift; sourceTree = "<group>"; };
		31AC8AD12BF1FA8600D46DD0 /* SceneDelegate.swift */ = {isa = PBXFileReference; lastKnownFileType = sourcecode.swift; path = SceneDelegate.swift; sourceTree = "<group>"; };
		31AC8AD32BF1FA8600D46DD0 /* ViewController.swift */ = {isa = PBXFileReference; lastKnownFileType = sourcecode.swift; path = ViewController.swift; sourceTree = "<group>"; };
		31AC8AD62BF1FA8600D46DD0 /* Base */ = {isa = PBXFileReference; lastKnownFileType = file.storyboard; name = Base; path = Base.lproj/Main.storyboard; sourceTree = "<group>"; };
		31AC8AD82BF1FA8700D46DD0 /* Assets.xcassets */ = {isa = PBXFileReference; lastKnownFileType = folder.assetcatalog; path = Assets.xcassets; sourceTree = "<group>"; };
		31AC8ADB2BF1FA8700D46DD0 /* Base */ = {isa = PBXFileReference; lastKnownFileType = file.storyboard; name = Base; path = Base.lproj/LaunchScreen.storyboard; sourceTree = "<group>"; };
		31AC8ADD2BF1FA8700D46DD0 /* Info.plist */ = {isa = PBXFileReference; lastKnownFileType = text.plist.xml; path = Info.plist; sourceTree = "<group>"; };
		6E5F6D4CB324B6B5EB41BCCF /* Pods_FlagsmithTest.framework */ = {isa = PBXFileReference; explicitFileType = wrapper.framework; includeInIndex = 0; path = Pods_FlagsmithTest.framework; sourceTree = BUILT_PRODUCTS_DIR; };
		711983EADEEA435095DAD922 /* Pods-FlagsmithTest.debug.xcconfig */ = {isa = PBXFileReference; includeInIndex = 1; lastKnownFileType = text.xcconfig; name = "Pods-FlagsmithTest.debug.xcconfig"; path = "Target Support Files/Pods-FlagsmithTest/Pods-FlagsmithTest.debug.xcconfig"; sourceTree = "<group>"; };
/* End PBXFileReference section */

/* Begin PBXFrameworksBuildPhase section */
		31AC8AC92BF1FA8600D46DD0 /* Frameworks */ = {
			isa = PBXFrameworksBuildPhase;
			buildActionMask = 2147483647;
			files = (
				52FDEA59695C233CEE6A2477 /* Pods_FlagsmithTest.framework in Frameworks */,
			);
			runOnlyForDeploymentPostprocessing = 0;
		};
/* End PBXFrameworksBuildPhase section */

/* Begin PBXGroup section */
		31AC8AC32BF1FA8600D46DD0 = {
			isa = PBXGroup;
			children = (
				31AC8ACE2BF1FA8600D46DD0 /* FlagsmithTest */,
				31AC8ACD2BF1FA8600D46DD0 /* Products */,
				7D9D5383D384B19DBE9DA38F /* Pods */,
				BEA9EE093166D1C7E89C2012 /* Frameworks */,
			);
			sourceTree = "<group>";
		};
		31AC8ACD2BF1FA8600D46DD0 /* Products */ = {
			isa = PBXGroup;
			children = (
				31AC8ACC2BF1FA8600D46DD0 /* FlagsmithTest.app */,
			);
			name = Products;
			sourceTree = "<group>";
		};
		31AC8ACE2BF1FA8600D46DD0 /* FlagsmithTest */ = {
			isa = PBXGroup;
			children = (
				31AC8ACF2BF1FA8600D46DD0 /* AppDelegate.swift */,
				31AC8AD12BF1FA8600D46DD0 /* SceneDelegate.swift */,
				31AC8AD32BF1FA8600D46DD0 /* ViewController.swift */,
				319D2DF72BF45D3300D4796B /* Unleash.swift */,
				31AC8AD52BF1FA8600D46DD0 /* Main.storyboard */,
				31AC8AD82BF1FA8700D46DD0 /* Assets.xcassets */,
				31AC8ADA2BF1FA8700D46DD0 /* LaunchScreen.storyboard */,
				31AC8ADD2BF1FA8700D46DD0 /* Info.plist */,
			);
			path = FlagsmithTest;
			sourceTree = "<group>";
		};
		7D9D5383D384B19DBE9DA38F /* Pods */ = {
			isa = PBXGroup;
			children = (
				711983EADEEA435095DAD922 /* Pods-FlagsmithTest.debug.xcconfig */,
				1859953EBA04483822B451CD /* Pods-FlagsmithTest.release.xcconfig */,
			);
			path = Pods;
			sourceTree = "<group>";
		};
		BEA9EE093166D1C7E89C2012 /* Frameworks */ = {
			isa = PBXGroup;
			children = (
				6E5F6D4CB324B6B5EB41BCCF /* Pods_FlagsmithTest.framework */,
			);
			name = Frameworks;
			sourceTree = "<group>";
		};
/* End PBXGroup section */

/* Begin PBXNativeTarget section */
		31AC8ACB2BF1FA8600D46DD0 /* FlagsmithTest */ = {
			isa = PBXNativeTarget;
			buildConfigurationList = 31AC8AE02BF1FA8700D46DD0 /* Build configuration list for PBXNativeTarget "FlagsmithTest" */;
			buildPhases = (
				6B8E12A24D6033726D26736D /* [CP] Check Pods Manifest.lock */,
				31AC8AC82BF1FA8600D46DD0 /* Sources */,
				31AC8AC92BF1FA8600D46DD0 /* Frameworks */,
				31AC8ACA2BF1FA8600D46DD0 /* Resources */,
				B4EBD4FC7A2C8A18C243BA0F /* [CP] Embed Pods Frameworks */,
			);
			buildRules = (
			);
			dependencies = (
			);
			name = FlagsmithTest;
			productName = FlagsmithTest;
			productReference = 31AC8ACC2BF1FA8600D46DD0 /* FlagsmithTest.app */;
			productType = "com.apple.product-type.application";
		};
/* End PBXNativeTarget section */

/* Begin PBXProject section */
		31AC8AC42BF1FA8600D46DD0 /* Project object */ = {
			isa = PBXProject;
			attributes = {
				BuildIndependentTargetsInParallel = 1;
				LastSwiftUpdateCheck = 1530;
				LastUpgradeCheck = 1530;
				TargetAttributes = {
					31AC8ACB2BF1FA8600D46DD0 = {
						CreatedOnToolsVersion = 15.3;
					};
				};
			};
			buildConfigurationList = 31AC8AC72BF1FA8600D46DD0 /* Build configuration list for PBXProject "FlagsmithTest" */;
			compatibilityVersion = "Xcode 14.0";
			developmentRegion = en;
			hasScannedForEncodings = 0;
			knownRegions = (
				en,
				Base,
			);
			mainGroup = 31AC8AC32BF1FA8600D46DD0;
			productRefGroup = 31AC8ACD2BF1FA8600D46DD0 /* Products */;
			projectDirPath = "";
			projectRoot = "";
			targets = (
				31AC8ACB2BF1FA8600D46DD0 /* FlagsmithTest */,
			);
		};
/* End PBXProject section */

/* Begin PBXResourcesBuildPhase section */
		31AC8ACA2BF1FA8600D46DD0 /* Resources */ = {
			isa = PBXResourcesBuildPhase;
			buildActionMask = 2147483647;
			files = (
				31AC8AD92BF1FA8700D46DD0 /* Assets.xcassets in Resources */,
				31AC8ADC2BF1FA8700D46DD0 /* Base in Resources */,
				31AC8AD72BF1FA8600D46DD0 /* Base in Resources */,
			);
			runOnlyForDeploymentPostprocessing = 0;
		};
/* End PBXResourcesBuildPhase section */

/* Begin PBXShellScriptBuildPhase section */
		6B8E12A24D6033726D26736D /* [CP] Check Pods Manifest.lock */ = {
			isa = PBXShellScriptBuildPhase;
			buildActionMask = 2147483647;
			files = (
			);
			inputFileListPaths = (
			);
			inputPaths = (
				"${PODS_PODFILE_DIR_PATH}/Podfile.lock",
				"${PODS_ROOT}/Manifest.lock",
			);
			name = "[CP] Check Pods Manifest.lock";
			outputFileListPaths = (
			);
			outputPaths = (
				"$(DERIVED_FILE_DIR)/Pods-FlagsmithTest-checkManifestLockResult.txt",
			);
			runOnlyForDeploymentPostprocessing = 0;
			shellPath = /bin/sh;
			shellScript = "diff \"${PODS_PODFILE_DIR_PATH}/Podfile.lock\" \"${PODS_ROOT}/Manifest.lock\" > /dev/null\nif [ $? != 0 ] ; then\n    # print error to STDERR\n    echo \"error: The sandbox is not in sync with the Podfile.lock. Run 'pod install' or update your CocoaPods installation.\" >&2\n    exit 1\nfi\n# This output is used by Xcode 'outputs' to avoid re-running this script phase.\necho \"SUCCESS\" > \"${SCRIPT_OUTPUT_FILE_0}\"\n";
			showEnvVarsInLog = 0;
		};
		B4EBD4FC7A2C8A18C243BA0F /* [CP] Embed Pods Frameworks */ = {
			isa = PBXShellScriptBuildPhase;
			buildActionMask = 2147483647;
			files = (
			);
			inputFileListPaths = (
				"${PODS_ROOT}/Target Support Files/Pods-FlagsmithTest/Pods-FlagsmithTest-frameworks-${CONFIGURATION}-input-files.xcfilelist",
			);
			name = "[CP] Embed Pods Frameworks";
			outputFileListPaths = (
				"${PODS_ROOT}/Target Support Files/Pods-FlagsmithTest/Pods-FlagsmithTest-frameworks-${CONFIGURATION}-output-files.xcfilelist",
			);
			runOnlyForDeploymentPostprocessing = 0;
			shellPath = /bin/sh;
			shellScript = "\"${PODS_ROOT}/Target Support Files/Pods-FlagsmithTest/Pods-FlagsmithTest-frameworks.sh\"\n";
			showEnvVarsInLog = 0;
		};
/* End PBXShellScriptBuildPhase section */

/* Begin PBXSourcesBuildPhase section */
		31AC8AC82BF1FA8600D46DD0 /* Sources */ = {
			isa = PBXSourcesBuildPhase;
			buildActionMask = 2147483647;
			files = (
				319D2DF82BF45D3300D4796B /* Unleash.swift in Sources */,
				31AC8AD42BF1FA8600D46DD0 /* ViewController.swift in Sources */,
				31AC8AD02BF1FA8600D46DD0 /* AppDelegate.swift in Sources */,
				31AC8AD22BF1FA8600D46DD0 /* SceneDelegate.swift in Sources */,
			);
			runOnlyForDeploymentPostprocessing = 0;
		};
/* End PBXSourcesBuildPhase section */

/* Begin PBXVariantGroup section */
		31AC8AD52BF1FA8600D46DD0 /* Main.storyboard */ = {
			isa = PBXVariantGroup;
			children = (
				31AC8AD62BF1FA8600D46DD0 /* Base */,
			);
			name = Main.storyboard;
			sourceTree = "<group>";
		};
		31AC8ADA2BF1FA8700D46DD0 /* LaunchScreen.storyboard */ = {
			isa = PBXVariantGroup;
			children = (
				31AC8ADB2BF1FA8700D46DD0 /* Base */,
			);
			name = LaunchScreen.storyboard;
			sourceTree = "<group>";
		};
/* End PBXVariantGroup section */

/* Begin XCBuildConfiguration section */
		31AC8ADE2BF1FA8700D46DD0 /* Debug */ = {
			isa = XCBuildConfiguration;
			buildSettings = {
				ALWAYS_SEARCH_USER_PATHS = NO;
				ASSETCATALOG_COMPILER_GENERATE_SWIFT_ASSET_SYMBOL_EXTENSIONS = YES;
				CLANG_ANALYZER_NONNULL = YES;
				CLANG_ANALYZER_NUMBER_OBJECT_CONVERSION = YES_AGGRESSIVE;
				CLANG_CXX_LANGUAGE_STANDARD = "gnu++20";
				CLANG_ENABLE_MODULES = YES;
				CLANG_ENABLE_OBJC_ARC = YES;
				CLANG_ENABLE_OBJC_WEAK = YES;
				CLANG_WARN_BLOCK_CAPTURE_AUTORELEASING = YES;
				CLANG_WARN_BOOL_CONVERSION = YES;
				CLANG_WARN_COMMA = YES;
				CLANG_WARN_CONSTANT_CONVERSION = YES;
				CLANG_WARN_DEPRECATED_OBJC_IMPLEMENTATIONS = YES;
				CLANG_WARN_DIRECT_OBJC_ISA_USAGE = YES_ERROR;
				CLANG_WARN_DOCUMENTATION_COMMENTS = YES;
				CLANG_WARN_EMPTY_BODY = YES;
				CLANG_WARN_ENUM_CONVERSION = YES;
				CLANG_WARN_INFINITE_RECURSION = YES;
				CLANG_WARN_INT_CONVERSION = YES;
				CLANG_WARN_NON_LITERAL_NULL_CONVERSION = YES;
				CLANG_WARN_OBJC_IMPLICIT_RETAIN_SELF = YES;
				CLANG_WARN_OBJC_LITERAL_CONVERSION = YES;
				CLANG_WARN_OBJC_ROOT_CLASS = YES_ERROR;
				CLANG_WARN_QUOTED_INCLUDE_IN_FRAMEWORK_HEADER = YES;
				CLANG_WARN_RANGE_LOOP_ANALYSIS = YES;
				CLANG_WARN_STRICT_PROTOTYPES = YES;
				CLANG_WARN_SUSPICIOUS_MOVE = YES;
				CLANG_WARN_UNGUARDED_AVAILABILITY = YES_AGGRESSIVE;
				CLANG_WARN_UNREACHABLE_CODE = YES;
				CLANG_WARN__DUPLICATE_METHOD_MATCH = YES;
				COPY_PHASE_STRIP = NO;
				DEBUG_INFORMATION_FORMAT = dwarf;
				ENABLE_STRICT_OBJC_MSGSEND = YES;
				ENABLE_TESTABILITY = YES;
				ENABLE_USER_SCRIPT_SANDBOXING = YES;
				GCC_C_LANGUAGE_STANDARD = gnu17;
				GCC_DYNAMIC_NO_PIC = NO;
				GCC_NO_COMMON_BLOCKS = YES;
				GCC_OPTIMIZATION_LEVEL = 0;
				GCC_PREPROCESSOR_DEFINITIONS = (
					"DEBUG=1",
					"$(inherited)",
				);
				GCC_WARN_64_TO_32_BIT_CONVERSION = YES;
				GCC_WARN_ABOUT_RETURN_TYPE = YES_ERROR;
				GCC_WARN_UNDECLARED_SELECTOR = YES;
				GCC_WARN_UNINITIALIZED_AUTOS = YES_AGGRESSIVE;
				GCC_WARN_UNUSED_FUNCTION = YES;
				GCC_WARN_UNUSED_VARIABLE = YES;
				IPHONEOS_DEPLOYMENT_TARGET = 17.4;
				LOCALIZATION_PREFERS_STRING_CATALOGS = YES;
				MTL_ENABLE_DEBUG_INFO = INCLUDE_SOURCE;
				MTL_FAST_MATH = YES;
				ONLY_ACTIVE_ARCH = YES;
				SDKROOT = iphoneos;
				SWIFT_ACTIVE_COMPILATION_CONDITIONS = "DEBUG $(inherited)";
				SWIFT_OPTIMIZATION_LEVEL = "-Onone";
			};
			name = Debug;
		};
		31AC8ADF2BF1FA8700D46DD0 /* Release */ = {
			isa = XCBuildConfiguration;
			buildSettings = {
				ALWAYS_SEARCH_USER_PATHS = NO;
				ASSETCATALOG_COMPILER_GENERATE_SWIFT_ASSET_SYMBOL_EXTENSIONS = YES;
				CLANG_ANALYZER_NONNULL = YES;
				CLANG_ANALYZER_NUMBER_OBJECT_CONVERSION = YES_AGGRESSIVE;
				CLANG_CXX_LANGUAGE_STANDARD = "gnu++20";
				CLANG_ENABLE_MODULES = YES;
				CLANG_ENABLE_OBJC_ARC = YES;
				CLANG_ENABLE_OBJC_WEAK = YES;
				CLANG_WARN_BLOCK_CAPTURE_AUTORELEASING = YES;
				CLANG_WARN_BOOL_CONVERSION = YES;
				CLANG_WARN_COMMA = YES;
				CLANG_WARN_CONSTANT_CONVERSION = YES;
				CLANG_WARN_DEPRECATED_OBJC_IMPLEMENTATIONS = YES;
				CLANG_WARN_DIRECT_OBJC_ISA_USAGE = YES_ERROR;
				CLANG_WARN_DOCUMENTATION_COMMENTS = YES;
				CLANG_WARN_EMPTY_BODY = YES;
				CLANG_WARN_ENUM_CONVERSION = YES;
				CLANG_WARN_INFINITE_RECURSION = YES;
				CLANG_WARN_INT_CONVERSION = YES;
				CLANG_WARN_NON_LITERAL_NULL_CONVERSION = YES;
				CLANG_WARN_OBJC_IMPLICIT_RETAIN_SELF = YES;
				CLANG_WARN_OBJC_LITERAL_CONVERSION = YES;
				CLANG_WARN_OBJC_ROOT_CLASS = YES_ERROR;
				CLANG_WARN_QUOTED_INCLUDE_IN_FRAMEWORK_HEADER = YES;
				CLANG_WARN_RANGE_LOOP_ANALYSIS = YES;
				CLANG_WARN_STRICT_PROTOTYPES = YES;
				CLANG_WARN_SUSPICIOUS_MOVE = YES;
				CLANG_WARN_UNGUARDED_AVAILABILITY = YES_AGGRESSIVE;
				CLANG_WARN_UNREACHABLE_CODE = YES;
				CLANG_WARN__DUPLICATE_METHOD_MATCH = YES;
				COPY_PHASE_STRIP = NO;
				DEBUG_INFORMATION_FORMAT = "dwarf-with-dsym";
				ENABLE_NS_ASSERTIONS = NO;
				ENABLE_STRICT_OBJC_MSGSEND = YES;
				ENABLE_USER_SCRIPT_SANDBOXING = YES;
				GCC_C_LANGUAGE_STANDARD = gnu17;
				GCC_NO_COMMON_BLOCKS = YES;
				GCC_WARN_64_TO_32_BIT_CONVERSION = YES;
				GCC_WARN_ABOUT_RETURN_TYPE = YES_ERROR;
				GCC_WARN_UNDECLARED_SELECTOR = YES;
				GCC_WARN_UNINITIALIZED_AUTOS = YES_AGGRESSIVE;
				GCC_WARN_UNUSED_FUNCTION = YES;
				GCC_WARN_UNUSED_VARIABLE = YES;
				IPHONEOS_DEPLOYMENT_TARGET = 17.4;
				LOCALIZATION_PREFERS_STRING_CATALOGS = YES;
				MTL_ENABLE_DEBUG_INFO = NO;
				MTL_FAST_MATH = YES;
				SDKROOT = iphoneos;
				SWIFT_COMPILATION_MODE = wholemodule;
				VALIDATE_PRODUCT = YES;
			};
			name = Release;
		};
		31AC8AE12BF1FA8700D46DD0 /* Debug */ = {
			isa = XCBuildConfiguration;
			baseConfigurationReference = 711983EADEEA435095DAD922 /* Pods-FlagsmithTest.debug.xcconfig */;
			buildSettings = {
				ASSETCATALOG_COMPILER_APPICON_NAME = AppIcon;
				ASSETCATALOG_COMPILER_GLOBAL_ACCENT_COLOR_NAME = AccentColor;
				CODE_SIGN_STYLE = Automatic;
				CURRENT_PROJECT_VERSION = 1;
				DEVELOPMENT_TEAM = B37KNUVJL9;
				ENABLE_USER_SCRIPT_SANDBOXING = NO;
				GENERATE_INFOPLIST_FILE = YES;
				INFOPLIST_FILE = FlagsmithTest/Info.plist;
				INFOPLIST_KEY_UIApplicationSupportsIndirectInputEvents = YES;
				INFOPLIST_KEY_UILaunchStoryboardName = LaunchScreen;
				INFOPLIST_KEY_UIMainStoryboardFile = Main;
				INFOPLIST_KEY_UISupportedInterfaceOrientations_iPad = "UIInterfaceOrientationPortrait UIInterfaceOrientationPortraitUpsideDown UIInterfaceOrientationLandscapeLeft UIInterfaceOrientationLandscapeRight";
				INFOPLIST_KEY_UISupportedInterfaceOrientations_iPhone = "UIInterfaceOrientationPortrait UIInterfaceOrientationLandscapeLeft UIInterfaceOrientationLandscapeRight";
				LD_RUNPATH_SEARCH_PATHS = (
					"$(inherited)",
					"@executable_path/Frameworks",
				);
				MARKETING_VERSION = 1.0;
				PRODUCT_BUNDLE_IDENTIFIER = test.FlagsmithTest;
				PRODUCT_NAME = "$(TARGET_NAME)";
				SWIFT_EMIT_LOC_STRINGS = YES;
				SWIFT_VERSION = 5.0;
				TARGETED_DEVICE_FAMILY = "1,2";
			};
			name = Debug;
		};
		31AC8AE22BF1FA8700D46DD0 /* Release */ = {
			isa = XCBuildConfiguration;
			baseConfigurationReference = 1859953EBA04483822B451CD /* Pods-FlagsmithTest.release.xcconfig */;
			buildSettings = {
				ASSETCATALOG_COMPILER_APPICON_NAME = AppIcon;
				ASSETCATALOG_COMPILER_GLOBAL_ACCENT_COLOR_NAME = AccentColor;
				CODE_SIGN_STYLE = Automatic;
				CURRENT_PROJECT_VERSION = 1;
				DEVELOPMENT_TEAM = B37KNUVJL9;
				ENABLE_USER_SCRIPT_SANDBOXING = NO;
				GENERATE_INFOPLIST_FILE = YES;
				INFOPLIST_FILE = FlagsmithTest/Info.plist;
				INFOPLIST_KEY_UIApplicationSupportsIndirectInputEvents = YES;
				INFOPLIST_KEY_UILaunchStoryboardName = LaunchScreen;
				INFOPLIST_KEY_UIMainStoryboardFile = Main;
				INFOPLIST_KEY_UISupportedInterfaceOrientations_iPad = "UIInterfaceOrientationPortrait UIInterfaceOrientationPortraitUpsideDown UIInterfaceOrientationLandscapeLeft UIInterfaceOrientationLandscapeRight";
				INFOPLIST_KEY_UISupportedInterfaceOrientations_iPhone = "UIInterfaceOrientationPortrait UIInterfaceOrientationLandscapeLeft UIInterfaceOrientationLandscapeRight";
				LD_RUNPATH_SEARCH_PATHS = (
					"$(inherited)",
					"@executable_path/Frameworks",
				);
				MARKETING_VERSION = 1.0;
				PRODUCT_BUNDLE_IDENTIFIER = test.FlagsmithTest;
				PRODUCT_NAME = "$(TARGET_NAME)";
				SWIFT_EMIT_LOC_STRINGS = YES;
				SWIFT_VERSION = 5.0;
				TARGETED_DEVICE_FAMILY = "1,2";
			};
			name = Release;
		};
/* End XCBuildConfiguration section */

/* Begin XCConfigurationList section */
		31AC8AC72BF1FA8600D46DD0 /* Build configuration list for PBXProject "FlagsmithTest" */ = {
			isa = XCConfigurationList;
			buildConfigurations = (
				31AC8ADE2BF1FA8700D46DD0 /* Debug */,
				31AC8ADF2BF1FA8700D46DD0 /* Release */,
			);
			defaultConfigurationIsVisible = 0;
			defaultConfigurationName = Release;
		};
		31AC8AE02BF1FA8700D46DD0 /* Build configuration list for PBXNativeTarget "FlagsmithTest" */ = {
			isa = XCConfigurationList;
			buildConfigurations = (
				31AC8AE12BF1FA8700D46DD0 /* Debug */,
				31AC8AE22BF1FA8700D46DD0 /* Release */,
			);
			defaultConfigurationIsVisible = 0;
			defaultConfigurationName = Release;
		};
/* End XCConfigurationList section */
	};
	rootObject = 31AC8AC42BF1FA8600D46DD0 /* Project object */;
}
